
Microsoft Visual Studio Solution File, Format Version 12.00
# Visual Studio 15
VisualStudioVersion = 15.0.28307.106
MinimumVisualStudioVersion = 10.0.40219.1
Project("{8BC9CEB8-8B4A-11D0-8D11-00A0C91BC942}") = "判断是否为闰年（函数）", "判断是否为闰年（函数）\判断是否为闰年（函数）.vcxproj", "{CEF95198-FDE0-4D96-B4CC-024312D3BA4F}"
EndProject
Global
	GlobalSection(SolutionConfigurationPlatforms) = preSolution
		Debug|x64 = Debug|x64
		Debug|x86 = Debug|x86
		Release|x64 = Release|x64
		Release|x86 = Release|x86
	EndGlobalSection
	GlobalSection(ProjectConfigurationPlatforms) = postSolution
		{CEF95198-FDE0-4D96-B4CC-024312D3BA4F}.Debug|x64.ActiveCfg = Debug|x64
		{CEF95198-FDE0-4D96-B4CC-024312D3BA4F}.Debug|x64.Build.0 = Debug|x64
		{CEF95198-FDE0-4D96-B4CC-024312D3BA4F}.Debug|x86.ActiveCfg = Debug|Win32
		{CEF95198-FDE0-4D96-B4CC-024312D3BA4F}.Debug|x86.Build.0 = Debug|Win32
		{CEF95198-FDE0-4D96-B4CC-024312D3BA4F}.Release|x64.ActiveCfg = Release|x64
		{CEF95198-FDE0-4D96-B4CC-024312D3BA4F}.Release|x64.Build.0 = Release|x64
		{CEF95198-FDE0-4D96-B4CC-024312D3BA4F}.Release|x86.ActiveCfg = Release|Win32
		{CEF95198-FDE0-4D96-B4CC-024312D3BA4F}.Release|x86.Build.0 = Release|Win32
	EndGlobalSection
	GlobalSection(SolutionProperties) = preSolution
		HideSolutionNode = FALSE
	EndGlobalSection
	GlobalSection(ExtensibilityGlobals) = postSolution
		SolutionGuid = {41597835-58C3-458A-B4B5-B8DE17858A9C}
	EndGlobalSection
EndGlobal
