
Microsoft Visual Studio Solution File, Format Version 12.00
# Visual Studio 15
VisualStudioVersion = 15.0.28307.106
MinimumVisualStudioVersion = 10.0.40219.1
Project("{8BC9CEB8-8B4A-11D0-8D11-00A0C91BC942}") = "判断是这一年的第几天", "判断是这一年的第几天\判断是这一年的第几天.vcxproj", "{852F0F81-9F3C-4D89-BA22-76776A076D07}"
EndProject
Global
	GlobalSection(SolutionConfigurationPlatforms) = preSolution
		Debug|x64 = Debug|x64
		Debug|x86 = Debug|x86
		Release|x64 = Release|x64
		Release|x86 = Release|x86
	EndGlobalSection
	GlobalSection(ProjectConfigurationPlatforms) = postSolution
		{852F0F81-9F3C-4D89-BA22-76776A076D07}.Debug|x64.ActiveCfg = Debug|x64
		{852F0F81-9F3C-4D89-BA22-76776A076D07}.Debug|x64.Build.0 = Debug|x64
		{852F0F81-9F3C-4D89-BA22-76776A076D07}.Debug|x86.ActiveCfg = Debug|Win32
		{852F0F81-9F3C-4D89-BA22-76776A076D07}.Debug|x86.Build.0 = Debug|Win32
		{852F0F81-9F3C-4D89-BA22-76776A076D07}.Release|x64.ActiveCfg = Release|x64
		{852F0F81-9F3C-4D89-BA22-76776A076D07}.Release|x64.Build.0 = Release|x64
		{852F0F81-9F3C-4D89-BA22-76776A076D07}.Release|x86.ActiveCfg = Release|Win32
		{852F0F81-9F3C-4D89-BA22-76776A076D07}.Release|x86.Build.0 = Release|Win32
	EndGlobalSection
	GlobalSection(SolutionProperties) = preSolution
		HideSolutionNode = FALSE
	EndGlobalSection
	GlobalSection(ExtensibilityGlobals) = postSolution
		SolutionGuid = {BFD599D5-FC42-4EDC-B9FB-883C798E5C46}
	EndGlobalSection
EndGlobal
