
Microsoft Visual Studio Solution File, Format Version 12.00
# Visual Studio 15
VisualStudioVersion = 15.0.28307.106
MinimumVisualStudioVersion = 10.0.40219.1
Project("{8BC9CEB8-8B4A-11D0-8D11-00A0C91BC942}") = "用1234组成三位数，由小到大输出", "用1234组成三位数，由小到大输出\用1234组成三位数，由小到大输出.vcxproj", "{CEFA74C0-B04B-4E51-8D75-137BCDD903C3}"
EndProject
Global
	GlobalSection(SolutionConfigurationPlatforms) = preSolution
		Debug|x64 = Debug|x64
		Debug|x86 = Debug|x86
		Release|x64 = Release|x64
		Release|x86 = Release|x86
	EndGlobalSection
	GlobalSection(ProjectConfigurationPlatforms) = postSolution
		{CEFA74C0-B04B-4E51-8D75-137BCDD903C3}.Debug|x64.ActiveCfg = Debug|x64
		{CEFA74C0-B04B-4E51-8D75-137BCDD903C3}.Debug|x64.Build.0 = Debug|x64
		{CEFA74C0-B04B-4E51-8D75-137BCDD903C3}.Debug|x86.ActiveCfg = Debug|Win32
		{CEFA74C0-B04B-4E51-8D75-137BCDD903C3}.Debug|x86.Build.0 = Debug|Win32
		{CEFA74C0-B04B-4E51-8D75-137BCDD903C3}.Release|x64.ActiveCfg = Release|x64
		{CEFA74C0-B04B-4E51-8D75-137BCDD903C3}.Release|x64.Build.0 = Release|x64
		{CEFA74C0-B04B-4E51-8D75-137BCDD903C3}.Release|x86.ActiveCfg = Release|Win32
		{CEFA74C0-B04B-4E51-8D75-137BCDD903C3}.Release|x86.Build.0 = Release|Win32
	EndGlobalSection
	GlobalSection(SolutionProperties) = preSolution
		HideSolutionNode = FALSE
	EndGlobalSection
	GlobalSection(ExtensibilityGlobals) = postSolution
		SolutionGuid = {8F600F7B-ABDF-48F0-A70A-6B5B38E1DACD}
	EndGlobalSection
EndGlobal
